
Microsoft Visual Studio Solution File, Format Version 12.00
# Visual Studio Version 17
VisualStudioVersion = 17.10.35013.160
MinimumVisualStudioVersion = 10.0.40219.1
Project("{FAE04EC0-301F-11D3-BF4B-00C04F79EFBC}") = "Rocket17thBackend_Ch7_HW", "Rocket17thBackend_Ch7_HW\Rocket17thBackend_Ch7_HW.csproj", "{2BE2D6C5-F351-41A6-AD01-D0EF903ED579}"
EndProject
Global
	GlobalSection(SolutionConfigurationPlatforms) = preSolution
		Debug|Any CPU = Debug|Any CPU
		Release|Any CPU = Release|Any CPU
	EndGlobalSection
	GlobalSection(ProjectConfigurationPlatforms) = postSolution
		{2BE2D6C5-F351-41A6-AD01-D0EF903ED579}.Debug|Any CPU.ActiveCfg = Debug|Any CPU
		{2BE2D6C5-F351-41A6-AD01-D0EF903ED579}.Debug|Any CPU.Build.0 = Debug|Any CPU
		{2BE2D6C5-F351-41A6-AD01-D0EF903ED579}.Release|Any CPU.ActiveCfg = Release|Any CPU
		{2BE2D6C5-F351-41A6-AD01-D0EF903ED579}.Release|Any CPU.Build.0 = Release|Any CPU
	EndGlobalSection
	GlobalSection(SolutionProperties) = preSolution
		HideSolutionNode = FALSE
	EndGlobalSection
	GlobalSection(ExtensibilityGlobals) = postSolution
		SolutionGuid = {39B32393-EC1A-4B1B-9EFC-041BB30B13FB}
	EndGlobalSection
EndGlobal
